<?xml version="1.0" encoding="utf-8"?>
<Project ToolsVersion="4.0" xmlns="http://schemas.microsoft.com/developer/msbuild/2003">
  <ItemGroup>
    <Filter Include="Source Files">
      <UniqueIdentifier>{4FC737F1-C7A5-4376-A066-2A32D752A2FF}</UniqueIdentifier>
      <Extensions>cpp;c;cc;cxx;def;odl;idl;hpj;bat;asm;asmx</Extensions>
    </Filter>
    <Filter Include="Header Files">
      <UniqueIdentifier>{93995380-89BD-4b04-88EB-625FBE52EBFB}</UniqueIdentifier>
      <Extensions>h;hh;hpp;hxx;hm;inl;inc;xsd</Extensions>
    </Filter>
    <Filter Include="Resource Files">
      <UniqueIdentifier>{67DA6AB6-F800-4c08-8B7A-83BB121AAD01}</UniqueIdentifier>
      <Extensions>rc;ico;cur;bmp;dlg;rc2;rct;bin;rgs;gif;jpg;jpeg;jpe;resx;tiff;tif;png;wav;mfcribbon-ms</Extensions>
    </Filter>
    <Filter Include="Source Files\TaskScheduler">
      <UniqueIdentifier>{84d164b2-e58d-4f33-8c19-eb006c55f0f9}</UniqueIdentifier>
    </Filter>
    <Filter Include="Header Files\TaskScheduler">
      <UniqueIdentifier>{8401a4bf-8606-4f15-ac49-46e237314d21}</UniqueIdentifier>
    </Filter>
    <Filter Include="Header Files\LockFreeDataStructures">
      <UniqueIdentifier>{0fa4188d-0821-4033-b1f0-d9b7068f80bf}</UniqueIdentifier>
    </Filter>
    <Filter Include="Source Files\LockFreeDataStructures">
      <UniqueIdentifier>{0976f9b3-a86c-4dbb-ac1a-ce289dc591b6}</UniqueIdentifier>
    </Filter>
    <Filter Include="Header Files\Tasks">
      <UniqueIdentifier>{159ed022-e6bd-49cc-98e0-47ac338a9fba}</UniqueIdentifier>
    </Filter>
    <Filter Include="Source Files\Tasks">
      <UniqueIdentifier>{da941ae2-6dbf-441a-875a-3864c2ccdc95}</UniqueIdentifier>
    </Filter>
    <Filter Include="Header Files\Graphics">
      <UniqueIdentifier>{cbdf07c6-ff91-49c3-89bd-ae454f625d42}</UniqueIdentifier>
    </Filter>
    <Filter Include="Source Files\Graphics">
      <UniqueIdentifier>{fc1702e4-44d1-4fd2-8621-1fb2dc2776f2}</UniqueIdentifier>
    </Filter>
  </ItemGroup>
  <ItemGroup>
    <ClCompile Include="Main.cpp">
      <Filter>Source Files</Filter>
    </ClCompile>
    <ClCompile Include="TaskScheduler\TaskScheduler.cpp">
      <Filter>Source Files\TaskScheduler</Filter>
    </ClCompile>
    <ClCompile Include="TaskScheduler\TaskThread.cpp">
      <Filter>Source Files\TaskScheduler</Filter>
    </ClCompile>
    <ClCompile Include="TaskScheduler\Task.cpp">
      <Filter>Source Files\TaskScheduler</Filter>
    </ClCompile>
    <ClCompile Include="TestingTask.cpp">
      <Filter>Source Files\Tasks</Filter>
    </ClCompile>
    <ClCompile Include="System.cpp">
      <Filter>Source Files</Filter>
    </ClCompile>
    <ClCompile Include="Graphics\Device.cpp">
      <Filter>Source Files\Graphics</Filter>
    </ClCompile>
  </ItemGroup>
  <ItemGroup>
    <ClInclude Include="Types.h">
      <Filter>Header Files</Filter>
    </ClInclude>
    <ClInclude Include="TaskScheduler\TaskScheduler.h">
      <Filter>Header Files\TaskScheduler</Filter>
    </ClInclude>
    <ClInclude Include="TaskScheduler\TaskThread.h">
      <Filter>Header Files\TaskScheduler</Filter>
    </ClInclude>
    <ClInclude Include="LockFreeDataStructures\LockFreeStack.h">
      <Filter>Header Files\LockFreeDataStructures</Filter>
    </ClInclude>
    <ClInclude Include="TaskScheduler\Task.h">
      <Filter>Header Files\TaskScheduler</Filter>
    </ClInclude>
    <ClInclude Include="TestingTask.h">
      <Filter>Header Files\Tasks</Filter>
    </ClInclude>
    <ClInclude Include="System.h">
      <Filter>Header Files</Filter>
    </ClInclude>
    <ClInclude Include="Graphics\Device.h">
      <Filter>Header Files\Graphics</Filter>
    </ClInclude>
    <ClInclude Include="DebugHelper.h">
      <Filter>Header Files</Filter>
    </ClInclude>
  </ItemGroup>
  <ItemGroup>
    <None Include="LockFreeDataStructures\LockFreeStack.inl">
      <Filter>Source Files\LockFreeDataStructures</Filter>
    </None>
  </ItemGroup>
</Project>